<Solution>
  <Folder Name="/Tests/" />
  <Folder Name="/Tests/Architecture/">
    <Project Path="src/Tests/Architecture/Architecture.csproj" />
  </Folder>
  <Folder Name="/Tests/Modules/">
    <Project Path="src/Tests/Modules/Users/Users.csproj" Id="c682209b-e053-4b6a-85d3-3752ca6a4b1c" />
  </Folder>
  <Project Path="docker-compose.dcproj">
    <Build />
  </Project>
  <Project Path="src/Api/Api.csproj" />
</Solution>
