<Solution>
  <Folder Name="/Modules/">
    <Project Path="src/Modules/Authentication/Authentication.csproj" Id="a987b2ea-8dc2-4d00-8d99-b35b5763bbe0" />
    <Project Path="src/Modules/Shopping/Shopping.csproj" Id="dc6c1f40-330e-4e33-baed-919b9c0607cc" />
    <Project Path="src/Modules/Users/Users.csproj" Id="033f3f23-7bd9-41fd-a78c-857c5da893fc" />
  </Folder>
  <Folder Name="/Tests/" />
  <Folder Name="/Tests/Architecture/">
    <Project Path="src/Tests/Architecture/Architecture.csproj" />
  </Folder>
  <Folder Name="/Tests/Modules/">
    <Project Path="src/Tests/Modules/Authentication/Authentication.Tests.csproj" />
    <Project Path="src/Tests/Modules/Users/Users.Tests.csproj" Id="c682209b-e053-4b6a-85d3-3752ca6a4b1c" />
  </Folder>
  <Project Path="docker-compose.dcproj">
    <Build />
  </Project>
  <Project Path="src/Api/Api.csproj" />
  <Project Path="src/Orion.SharedKernel/Orion.SharedKernel.csproj" Id="4823aa0c-a6fb-40d1-9f5d-d86322724852" />
</Solution>
